{
  "version": 4,
  "terraform_version": "1.5.2",
  "serial": 294,
  "lineage": "4093b18d-7f32-f262-8b96-6ff91688315d",
  "outputs": {
    "api_gateway_url": {
      "value": "https://6ezl1094ic.execute-api.eu-north-1.amazonaws.com/dev",
      "type": "string"
    }
  },
  "resources": [
    {
      "mode": "data",
      "type": "archive_file",
      "name": "user_zip",
      "provider": "provider[\"registry.terraform.io/hashicorp/archive\"]",
      "instances": [
        {
          "schema_version": 0,
          "attributes": {
            "exclude_symlink_directories": null,
            "excludes": null,
            "id": "d6f301e6009725bf8b9c501d18c51f93a3921e78",
            "output_base64sha256": "/lXsdyS6KNQtq4UfhXR1Eaifbp/F5sgPwSL3QO7X0+E=",
            "output_base64sha512": "fd+mFknGeqTbHX8FG5VdxfrU/Yc8Tp2omhCxBBX/C+T13ftw3GMn5PtF03YPxmo6VZnG/68eeYkpd5zPG+v46g==",
            "output_file_mode": null,
            "output_md5": "9b384b6d3db2fd64eb8b2a10ebdef708",
            "output_path": "./user/user.zip",
            "output_sha": "d6f301e6009725bf8b9c501d18c51f93a3921e78",
            "output_sha256": "fe55ec7724ba28d42dab851f85747511a89f6e9fc5e6c80fc122f740eed7d3e1",
            "output_sha512": "7ddfa61649c67aa4db1d7f051b955dc5fad4fd873c4e9da89a10b10415ff0be4f5ddfb70dc6327e4fb45d3760fc66a3a5599c6ffaf1e798929779ccf1bebf8ea",
            "output_size": 14281089,
            "source": [],
            "source_content": null,
            "source_content_filename": null,
            "source_dir": "./user",
            "source_file": null,
            "type": "zip"
          },
          "sensitive_attributes": []
        }
      ]
    },
    {
      "mode": "data",
      "type": "archive_file",
      "name": "users",
      "provider": "provider[\"registry.terraform.io/hashicorp/archive\"]",
      "instances": [
        {
          "schema_version": 0,
          "attributes": {
            "exclude_symlink_directories": null,
            "excludes": null,
            "id": "a66788e730e789ee4894c1260dd697dbdd6e4e3d",
            "output_base64sha256": "Z+AG9DFuMvcF55pqRqKYyIAM5Fo+YWrSzU/Estbq17E=",
            "output_base64sha512": "Lds4oUWeLljyMb+dm387Lz3KoonZ60zFvQGW5JLT1VCLLgkHacBkMk0DET5tyAZwMqx2nfq0VgHTchfGOac4ww==",
            "output_file_mode": null,
            "output_md5": "23981dec6542c24498833a8befcedaff",
            "output_path": "./users/users.zip",
            "output_sha": "a66788e730e789ee4894c1260dd697dbdd6e4e3d",
            "output_sha256": "67e006f4316e32f705e79a6a46a298c8800ce45a3e616ad2cd4fc4b2d6ead7b1",
            "output_sha512": "2ddb38a1459e2e58f231bf9d9b7f3b2f3dcaa289d9eb4cc5bd0196e492d3d5508b2e090769c064324d03113e6dc8067032ac769dfab45601d37217c639a738c3",
            "output_size": 14397763,
            "source": [],
            "source_content": null,
            "source_content_filename": null,
            "source_dir": "./users",
            "source_file": null,
            "type": "zip"
          },
          "sensitive_attributes": []
        }
      ]
    },
    {
      "mode": "managed",
      "type": "aws_api_gateway_deployment",
      "name": "user_get_ops_deployment",
      "provider": "provider[\"registry.terraform.io/hashicorp/aws\"]",
      "instances": [
        {
          "schema_version": 0,
          "attributes": {
            "created_date": "2023-07-10T08:00:58Z",
            "description": "",
            "execution_arn": "arn:aws:execute-api:eu-north-1:639904928102:6ezl1094ic/dev",
            "id": "qh5a9b",
            "invoke_url": "https://6ezl1094ic.execute-api.eu-north-1.amazonaws.com/dev",
            "rest_api_id": "6ezl1094ic",
            "stage_description": null,
            "stage_name": "dev",
            "triggers": null,
            "variables": null
          },
          "sensitive_attributes": [],
          "private": "bnVsbA==",
          "dependencies": [
            "aws_api_gateway_integration.user_get_integration",
            "aws_api_gateway_method.GET",
            "aws_api_gateway_resource.users",
            "aws_api_gateway_rest_api.user_info_api",
            "aws_dynamodb_table.user_contacts",
            "aws_iam_role.user_operations_role",
            "aws_iam_role_policy_attachment.user_operations_role_attachement1",
            "aws_iam_role_policy_attachment.user_operations_role_attachement2",
            "aws_lambda_function.user_get_operations"
          ]
        }
      ]
    },
    {
      "mode": "managed",
      "type": "aws_api_gateway_integration",
      "name": "user_crud_integration1",
      "provider": "provider[\"registry.terraform.io/hashicorp/aws\"]",
      "instances": [
        {
          "schema_version": 0,
          "attributes": {
            "cache_key_parameters": [],
            "cache_namespace": "b0gtp2",
            "connection_id": "",
            "connection_type": "INTERNET",
            "content_handling": "",
            "credentials": "",
            "http_method": "POST",
            "id": "agi-6ezl1094ic-b0gtp2-POST",
            "integration_http_method": "POST",
            "passthrough_behavior": "WHEN_NO_MATCH",
            "request_parameters": {},
            "request_templates": {},
            "resource_id": "b0gtp2",
            "rest_api_id": "6ezl1094ic",
            "timeout_milliseconds": 29000,
            "tls_config": [],
            "type": "AWS_PROXY",
            "uri": "arn:aws:apigateway:eu-north-1:lambda:path/2015-03-31/functions/arn:aws:lambda:eu-north-1:639904928102:function:user_crud_operations/invocations"
          },
          "sensitive_attributes": [],
          "private": "bnVsbA==",
          "dependencies": [
            "aws_api_gateway_method.POST",
            "aws_api_gateway_resource.user",
            "aws_api_gateway_rest_api.user_info_api",
            "aws_dynamodb_table.user_contacts",
            "aws_iam_role.user_operations_role",
            "aws_iam_role_policy_attachment.user_operations_role_attachement1",
            "aws_iam_role_policy_attachment.user_operations_role_attachement2",
            "aws_lambda_function.user_crud_operations",
            "data.archive_file.user_zip",
            "null_resource.build_zip2"
          ]
        }
      ]
    },
    {
      "mode": "managed",
      "type": "aws_api_gateway_integration",
      "name": "user_crud_integration2",
      "provider": "provider[\"registry.terraform.io/hashicorp/aws\"]",
      "instances": [
        {
          "schema_version": 0,
          "attributes": {
            "cache_key_parameters": [],
            "cache_namespace": "y1armw",
            "connection_id": "",
            "connection_type": "INTERNET",
            "content_handling": "",
            "credentials": "",
            "http_method": "PATCH",
            "id": "agi-6ezl1094ic-y1armw-PATCH",
            "integration_http_method": "PATCH",
            "passthrough_behavior": "WHEN_NO_MATCH",
            "request_parameters": {},
            "request_templates": {},
            "resource_id": "y1armw",
            "rest_api_id": "6ezl1094ic",
            "timeout_milliseconds": 29000,
            "tls_config": [],
            "type": "AWS_PROXY",
            "uri": "arn:aws:apigateway:eu-north-1:lambda:path/2015-03-31/functions/arn:aws:lambda:eu-north-1:639904928102:function:user_crud_operations/invocations"
          },
          "sensitive_attributes": [],
          "private": "bnVsbA==",
          "dependencies": [
            "aws_api_gateway_method.PATCH",
            "aws_api_gateway_resource.user",
            "aws_api_gateway_resource.user_userID",
            "aws_api_gateway_rest_api.user_info_api",
            "aws_dynamodb_table.user_contacts",
            "aws_iam_role.user_operations_role",
            "aws_iam_role_policy_attachment.user_operations_role_attachement1",
            "aws_iam_role_policy_attachment.user_operations_role_attachement2",
            "aws_lambda_function.user_crud_operations",
            "data.archive_file.user_zip",
            "null_resource.build_zip2"
          ]
        }
      ]
    },
    {
      "mode": "managed",
      "type": "aws_api_gateway_integration",
      "name": "user_crud_integration3",
      "provider": "provider[\"registry.terraform.io/hashicorp/aws\"]",
      "instances": [
        {
          "schema_version": 0,
          "attributes": {
            "cache_key_parameters": [],
            "cache_namespace": "y1armw",
            "connection_id": "",
            "connection_type": "INTERNET",
            "content_handling": "",
            "credentials": "",
            "http_method": "DELETE",
            "id": "agi-6ezl1094ic-y1armw-DELETE",
            "integration_http_method": "DELETE",
            "passthrough_behavior": "WHEN_NO_MATCH",
            "request_parameters": {},
            "request_templates": {},
            "resource_id": "y1armw",
            "rest_api_id": "6ezl1094ic",
            "timeout_milliseconds": 29000,
            "tls_config": [],
            "type": "AWS_PROXY",
            "uri": "arn:aws:apigateway:eu-north-1:lambda:path/2015-03-31/functions/arn:aws:lambda:eu-north-1:639904928102:function:user_crud_operations/invocations"
          },
          "sensitive_attributes": [],
          "private": "bnVsbA==",
          "dependencies": [
            "aws_api_gateway_method.DELETE",
            "aws_api_gateway_resource.user",
            "aws_api_gateway_resource.user_userID",
            "aws_api_gateway_rest_api.user_info_api",
            "aws_dynamodb_table.user_contacts",
            "aws_iam_role.user_operations_role",
            "aws_iam_role_policy_attachment.user_operations_role_attachement1",
            "aws_iam_role_policy_attachment.user_operations_role_attachement2",
            "aws_lambda_function.user_crud_operations",
            "data.archive_file.user_zip",
            "null_resource.build_zip2"
          ]
        }
      ]
    },
    {
      "mode": "managed",
      "type": "aws_api_gateway_integration",
      "name": "user_get_integration",
      "provider": "provider[\"registry.terraform.io/hashicorp/aws\"]",
      "instances": [
        {
          "schema_version": 0,
          "attributes": {
            "cache_key_parameters": [],
            "cache_namespace": "1f3vyc",
            "connection_id": "",
            "connection_type": "INTERNET",
            "content_handling": "",
            "credentials": "",
            "http_method": "GET",
            "id": "agi-6ezl1094ic-1f3vyc-GET",
            "integration_http_method": "GET",
            "passthrough_behavior": "WHEN_NO_MATCH",
            "request_parameters": {},
            "request_templates": {},
            "resource_id": "1f3vyc",
            "rest_api_id": "6ezl1094ic",
            "timeout_milliseconds": 29000,
            "tls_config": [],
            "type": "AWS_PROXY",
            "uri": "arn:aws:apigateway:eu-north-1:lambda:path/2015-03-31/functions/arn:aws:lambda:eu-north-1:639904928102:function:user_get_operations/invocations"
          },
          "sensitive_attributes": [],
          "private": "bnVsbA==",
          "dependencies": [
            "aws_api_gateway_method.GET",
            "aws_api_gateway_resource.users",
            "aws_api_gateway_rest_api.user_info_api",
            "aws_dynamodb_table.user_contacts",
            "aws_iam_role.user_operations_role",
            "aws_iam_role_policy_attachment.user_operations_role_attachement1",
            "aws_iam_role_policy_attachment.user_operations_role_attachement2",
            "aws_lambda_function.user_get_operations"
          ]
        }
      ]
    },
    {
      "mode": "managed",
      "type": "aws_api_gateway_integration",
      "name": "user_get_integration2",
      "provider": "provider[\"registry.terraform.io/hashicorp/aws\"]",
      "instances": [
        {
          "schema_version": 0,
          "attributes": {
            "cache_key_parameters": [],
            "cache_namespace": "is41c8",
            "connection_id": "",
            "connection_type": "INTERNET",
            "content_handling": "",
            "credentials": "",
            "http_method": "GET",
            "id": "agi-6ezl1094ic-is41c8-GET",
            "integration_http_method": "GET",
            "passthrough_behavior": "WHEN_NO_MATCH",
            "request_parameters": {},
            "request_templates": {},
            "resource_id": "is41c8",
            "rest_api_id": "6ezl1094ic",
            "timeout_milliseconds": 29000,
            "tls_config": [],
            "type": "AWS_PROXY",
            "uri": "arn:aws:apigateway:eu-north-1:lambda:path/2015-03-31/functions/arn:aws:lambda:eu-north-1:639904928102:function:user_get_operations/invocations"
          },
          "sensitive_attributes": [],
          "private": "bnVsbA==",
          "dependencies": [
            "aws_api_gateway_method.getAllUsers",
            "aws_api_gateway_resource.users",
            "aws_api_gateway_resource.users_userID",
            "aws_api_gateway_rest_api.user_info_api",
            "aws_dynamodb_table.user_contacts",
            "aws_iam_role.user_operations_role",
            "aws_iam_role_policy_attachment.user_operations_role_attachement1",
            "aws_iam_role_policy_attachment.user_operations_role_attachement2",
            "aws_lambda_function.user_get_operations"
          ]
        }
      ]
    },
    {
      "mode": "managed",
      "type": "aws_api_gateway_method",
      "name": "DELETE",
      "provider": "provider[\"registry.terraform.io/hashicorp/aws\"]",
      "instances": [
        {
          "schema_version": 0,
          "attributes": {
            "api_key_required": false,
            "authorization": "NONE",
            "authorization_scopes": [],
            "authorizer_id": "",
            "http_method": "DELETE",
            "id": "agm-6ezl1094ic-y1armw-DELETE",
            "operation_name": "",
            "request_models": {},
            "request_parameters": {},
            "request_validator_id": "",
            "resource_id": "y1armw",
            "rest_api_id": "6ezl1094ic"
          },
          "sensitive_attributes": [],
          "private": "bnVsbA==",
          "dependencies": [
            "aws_api_gateway_resource.user",
            "aws_api_gateway_resource.user_userID",
            "aws_api_gateway_rest_api.user_info_api"
          ]
        }
      ]
    },
    {
      "mode": "managed",
      "type": "aws_api_gateway_method",
      "name": "GET",
      "provider": "provider[\"registry.terraform.io/hashicorp/aws\"]",
      "instances": [
        {
          "schema_version": 0,
          "attributes": {
            "api_key_required": false,
            "authorization": "NONE",
            "authorization_scopes": [],
            "authorizer_id": "",
            "http_method": "GET",
            "id": "agm-6ezl1094ic-1f3vyc-GET",
            "operation_name": "",
            "request_models": {},
            "request_parameters": {},
            "request_validator_id": "",
            "resource_id": "1f3vyc",
            "rest_api_id": "6ezl1094ic"
          },
          "sensitive_attributes": [],
          "private": "bnVsbA==",
          "dependencies": [
            "aws_api_gateway_resource.users",
            "aws_api_gateway_rest_api.user_info_api"
          ]
        }
      ]
    },
    {
      "mode": "managed",
      "type": "aws_api_gateway_method",
      "name": "PATCH",
      "provider": "provider[\"registry.terraform.io/hashicorp/aws\"]",
      "instances": [
        {
          "schema_version": 0,
          "attributes": {
            "api_key_required": false,
            "authorization": "NONE",
            "authorization_scopes": [],
            "authorizer_id": "",
            "http_method": "PATCH",
            "id": "agm-6ezl1094ic-y1armw-PATCH",
            "operation_name": "",
            "request_models": {},
            "request_parameters": {},
            "request_validator_id": "",
            "resource_id": "y1armw",
            "rest_api_id": "6ezl1094ic"
          },
          "sensitive_attributes": [],
          "private": "bnVsbA==",
          "dependencies": [
            "aws_api_gateway_resource.user",
            "aws_api_gateway_resource.user_userID",
            "aws_api_gateway_rest_api.user_info_api"
          ]
        }
      ]
    },
    {
      "mode": "managed",
      "type": "aws_api_gateway_method",
      "name": "POST",
      "provider": "provider[\"registry.terraform.io/hashicorp/aws\"]",
      "instances": [
        {
          "schema_version": 0,
          "attributes": {
            "api_key_required": false,
            "authorization": "NONE",
            "authorization_scopes": [],
            "authorizer_id": "",
            "http_method": "POST",
            "id": "agm-6ezl1094ic-b0gtp2-POST",
            "operation_name": "",
            "request_models": {},
            "request_parameters": {},
            "request_validator_id": "",
            "resource_id": "b0gtp2",
            "rest_api_id": "6ezl1094ic"
          },
          "sensitive_attributes": [],
          "private": "bnVsbA==",
          "dependencies": [
            "aws_api_gateway_resource.user",
            "aws_api_gateway_rest_api.user_info_api"
          ]
        }
      ]
    },
    {
      "mode": "managed",
      "type": "aws_api_gateway_method",
      "name": "getAllUsers",
      "provider": "provider[\"registry.terraform.io/hashicorp/aws\"]",
      "instances": [
        {
          "schema_version": 0,
          "attributes": {
            "api_key_required": false,
            "authorization": "NONE",
            "authorization_scopes": [],
            "authorizer_id": "",
            "http_method": "GET",
            "id": "agm-6ezl1094ic-is41c8-GET",
            "operation_name": "",
            "request_models": {},
            "request_parameters": {},
            "request_validator_id": "",
            "resource_id": "is41c8",
            "rest_api_id": "6ezl1094ic"
          },
          "sensitive_attributes": [],
          "private": "bnVsbA==",
          "dependencies": [
            "aws_api_gateway_resource.users",
            "aws_api_gateway_resource.users_userID",
            "aws_api_gateway_rest_api.user_info_api"
          ]
        }
      ]
    },
    {
      "mode": "managed",
      "type": "aws_api_gateway_resource",
      "name": "user",
      "provider": "provider[\"registry.terraform.io/hashicorp/aws\"]",
      "instances": [
        {
          "schema_version": 0,
          "attributes": {
            "id": "b0gtp2",
            "parent_id": "t0ad3jkiw3",
            "path": "/user",
            "path_part": "user",
            "rest_api_id": "6ezl1094ic"
          },
          "sensitive_attributes": [],
          "private": "bnVsbA==",
          "dependencies": [
            "aws_api_gateway_rest_api.user_info_api"
          ]
        }
      ]
    },
    {
      "mode": "managed",
      "type": "aws_api_gateway_resource",
      "name": "user_userID",
      "provider": "provider[\"registry.terraform.io/hashicorp/aws\"]",
      "instances": [
        {
          "schema_version": 0,
          "attributes": {
            "id": "y1armw",
            "parent_id": "b0gtp2",
            "path": "/user/{userID}",
            "path_part": "{userID}",
            "rest_api_id": "6ezl1094ic"
          },
          "sensitive_attributes": [],
          "private": "bnVsbA==",
          "dependencies": [
            "aws_api_gateway_resource.user",
            "aws_api_gateway_rest_api.user_info_api"
          ]
        }
      ]
    },
    {
      "mode": "managed",
      "type": "aws_api_gateway_resource",
      "name": "users",
      "provider": "provider[\"registry.terraform.io/hashicorp/aws\"]",
      "instances": [
        {
          "schema_version": 0,
          "attributes": {
            "id": "1f3vyc",
            "parent_id": "t0ad3jkiw3",
            "path": "/users",
            "path_part": "users",
            "rest_api_id": "6ezl1094ic"
          },
          "sensitive_attributes": [],
          "private": "bnVsbA==",
          "dependencies": [
            "aws_api_gateway_rest_api.user_info_api"
          ]
        }
      ]
    },
    {
      "mode": "managed",
      "type": "aws_api_gateway_resource",
      "name": "users_userID",
      "provider": "provider[\"registry.terraform.io/hashicorp/aws\"]",
      "instances": [
        {
          "schema_version": 0,
          "attributes": {
            "id": "is41c8",
            "parent_id": "1f3vyc",
            "path": "/users/{userID}",
            "path_part": "{userID}",
            "rest_api_id": "6ezl1094ic"
          },
          "sensitive_attributes": [],
          "private": "bnVsbA==",
          "dependencies": [
            "aws_api_gateway_resource.users",
            "aws_api_gateway_rest_api.user_info_api"
          ]
        }
      ]
    },
    {
      "mode": "managed",
      "type": "aws_api_gateway_rest_api",
      "name": "user_info_api",
      "provider": "provider[\"registry.terraform.io/hashicorp/aws\"]",
      "instances": [
        {
          "schema_version": 0,
          "attributes": {
            "api_key_source": "HEADER",
            "arn": "arn:aws:apigateway:eu-north-1::/restapis/6ezl1094ic",
            "binary_media_types": [],
            "body": null,
            "created_date": "2023-07-10T08:00:57Z",
            "description": "user info api",
            "disable_execute_api_endpoint": false,
            "endpoint_configuration": [
              {
                "types": [
                  "EDGE"
                ],
                "vpc_endpoint_ids": []
              }
            ],
            "execution_arn": "arn:aws:execute-api:eu-north-1:639904928102:6ezl1094ic",
            "fail_on_warnings": null,
            "id": "6ezl1094ic",
            "minimum_compression_size": "",
            "name": "user_info_api",
            "parameters": null,
            "policy": "",
            "put_rest_api_mode": null,
            "root_resource_id": "t0ad3jkiw3",
            "tags": {},
            "tags_all": {}
          },
          "sensitive_attributes": [],
          "private": "bnVsbA=="
        }
      ]
    },
    {
      "mode": "managed",
      "type": "aws_dynamodb_table",
      "name": "user_contacts",
      "provider": "provider[\"registry.terraform.io/hashicorp/aws\"]",
      "instances": [
        {
          "schema_version": 1,
          "attributes": {
            "arn": "arn:aws:dynamodb:eu-north-1:639904928102:table/user_contacts",
            "attribute": [
              {
                "name": "address",
                "type": "S"
              },
              {
                "name": "emailAddress",
                "type": "S"
              },
              {
                "name": "firstName",
                "type": "S"
              },
              {
                "name": "lasttName",
                "type": "S"
              },
              {
                "name": "mobileNumber",
                "type": "S"
              },
              {
                "name": "userID",
                "type": "S"
              }
            ],
            "billing_mode": "PAY_PER_REQUEST",
            "deletion_protection_enabled": false,
            "global_secondary_index": [
              {
                "hash_key": "address",
                "name": "addressIndex",
                "non_key_attributes": [],
                "projection_type": "ALL",
                "range_key": "",
                "read_capacity": 5,
                "write_capacity": 5
              },
              {
                "hash_key": "emailAddress",
                "name": "emailIndex",
                "non_key_attributes": [],
                "projection_type": "ALL",
                "range_key": "",
                "read_capacity": 5,
                "write_capacity": 5
              },
              {
                "hash_key": "firstName",
                "name": "firstNameIndex",
                "non_key_attributes": [],
                "projection_type": "ALL",
                "range_key": "",
                "read_capacity": 5,
                "write_capacity": 5
              },
              {
                "hash_key": "lasttName",
                "name": "lasttNameIndex",
                "non_key_attributes": [],
                "projection_type": "ALL",
                "range_key": "",
                "read_capacity": 5,
                "write_capacity": 5
              },
              {
                "hash_key": "mobileNumber",
                "name": "mobileNumberIndex",
                "non_key_attributes": [],
                "projection_type": "ALL",
                "range_key": "",
                "read_capacity": 5,
                "write_capacity": 5
              }
            ],
            "hash_key": "userID",
            "id": "user_contacts",
            "local_secondary_index": [],
            "name": "user_contacts",
            "point_in_time_recovery": [
              {
                "enabled": false
              }
            ],
            "range_key": null,
            "read_capacity": 0,
            "replica": [],
            "restore_date_time": null,
            "restore_source_name": null,
            "restore_to_latest_time": null,
            "server_side_encryption": [],
            "stream_arn": "",
            "stream_enabled": false,
            "stream_label": "",
            "stream_view_type": "",
            "table_class": "STANDARD",
            "tags": {},
            "tags_all": {},
            "timeouts": null,
            "ttl": [
              {
                "attribute_name": "",
                "enabled": false
              }
            ],
            "write_capacity": 0
          },
          "sensitive_attributes": [],
          "private": "eyJlMmJmYjczMC1lY2FhLTExZTYtOGY4OC0zNDM2M2JjN2M0YzAiOnsiY3JlYXRlIjoxODAwMDAwMDAwMDAwLCJkZWxldGUiOjYwMDAwMDAwMDAwMCwidXBkYXRlIjozNjAwMDAwMDAwMDAwfSwic2NoZW1hX3ZlcnNpb24iOiIxIn0="
        }
      ]
    },
    {
      "mode": "managed",
      "type": "aws_iam_policy",
      "name": "aws_iam_policy",
      "provider": "provider[\"registry.terraform.io/hashicorp/aws\"]",
      "instances": [
        {
          "schema_version": 0,
          "attributes": {
            "arn": "arn:aws:iam::639904928102:policy/aws_iam_policy",
            "description": "IAM policy for a lambda",
            "id": "arn:aws:iam::639904928102:policy/aws_iam_policy",
            "name": "aws_iam_policy",
            "name_prefix": "",
            "path": "/",
            "policy": "{\"Statement\":[{\"Action\":\"dynamodb:*\",\"Effect\":\"Allow\",\"Resource\":\"*\"}],\"Version\":\"2012-10-17\"}",
            "policy_id": "ANPAZJ7KOKFTDVBNDKS3X",
            "tags": {},
            "tags_all": {}
          },
          "sensitive_attributes": [],
          "private": "bnVsbA=="
        }
      ]
    },
    {
      "mode": "managed",
      "type": "aws_iam_role",
      "name": "user_operations_role",
      "provider": "provider[\"registry.terraform.io/hashicorp/aws\"]",
      "instances": [
        {
          "schema_version": 0,
          "attributes": {
            "arn": "arn:aws:iam::639904928102:role/user_operations_role",
            "assume_role_policy": "{\"Statement\":[{\"Action\":\"sts:AssumeRole\",\"Effect\":\"Allow\",\"Principal\":{\"Service\":\"lambda.amazonaws.com\"},\"Sid\":\"\"}],\"Version\":\"2012-10-17\"}",
            "create_date": "2023-07-10T08:22:14Z",
            "description": "",
            "force_detach_policies": false,
            "id": "user_operations_role",
            "inline_policy": [],
            "managed_policy_arns": [
              "arn:aws:iam::aws:policy/AmazonDynamoDBFullAccess",
              "arn:aws:iam::aws:policy/service-role/AWSLambdaBasicExecutionRole"
            ],
            "max_session_duration": 3600,
            "name": "user_operations_role",
            "name_prefix": "",
            "path": "/",
            "permissions_boundary": null,
            "tags": {},
            "tags_all": {},
            "unique_id": "AROAZJ7KOKFTBKYE5JHNF"
          },
          "sensitive_attributes": [],
          "private": "bnVsbA=="
        }
      ]
    },
    {
      "mode": "managed",
      "type": "aws_iam_role_policy_attachment",
      "name": "user_operations_role_attachement1",
      "provider": "provider[\"registry.terraform.io/hashicorp/aws\"]",
      "instances": [
        {
          "schema_version": 0,
          "attributes": {
            "id": "user_operations_role-20230710102503888800000002",
            "policy_arn": "arn:aws:iam::aws:policy/service-role/AWSLambdaBasicExecutionRole",
            "role": "user_operations_role"
          },
          "sensitive_attributes": [],
          "private": "bnVsbA==",
          "dependencies": [
            "aws_iam_role.user_operations_role"
          ]
        }
      ]
    },
    {
      "mode": "managed",
      "type": "aws_iam_role_policy_attachment",
      "name": "user_operations_role_attachement2",
      "provider": "provider[\"registry.terraform.io/hashicorp/aws\"]",
      "instances": [
        {
          "schema_version": 0,
          "attributes": {
            "id": "user_operations_role-20230710102503610700000001",
            "policy_arn": "arn:aws:iam::aws:policy/AmazonDynamoDBFullAccess",
            "role": "user_operations_role"
          },
          "sensitive_attributes": [],
          "private": "bnVsbA==",
          "dependencies": [
            "aws_iam_role.user_operations_role"
          ]
        }
      ]
    },
    {
      "mode": "managed",
      "type": "aws_lambda_function",
      "name": "user_crud_operations",
      "provider": "provider[\"registry.terraform.io/hashicorp/aws\"]",
      "instances": [
        {
          "schema_version": 0,
          "attributes": {
            "architectures": [
              "x86_64"
            ],
            "arn": "arn:aws:lambda:eu-north-1:639904928102:function:user_crud_operations",
            "code_signing_config_arn": "",
            "dead_letter_config": [],
            "description": "",
            "environment": [
              {
                "variables": {
                  "TABLE_NAME": "user_contacts"
                }
              }
            ],
            "ephemeral_storage": [
              {
                "size": 512
              }
            ],
            "file_system_config": [],
            "filename": "",
            "function_name": "user_crud_operations",
            "handler": "main",
            "id": "user_crud_operations",
            "image_config": [],
            "image_uri": "",
            "invoke_arn": "arn:aws:apigateway:eu-north-1:lambda:path/2015-03-31/functions/arn:aws:lambda:eu-north-1:639904928102:function:user_crud_operations/invocations",
            "kms_key_arn": "",
            "last_modified": "2023-07-10T10:49:18.000+0000",
            "layers": [],
            "memory_size": 512,
            "package_type": "Zip",
            "publish": false,
            "qualified_arn": "arn:aws:lambda:eu-north-1:639904928102:function:user_crud_operations:$LATEST",
            "qualified_invoke_arn": "arn:aws:apigateway:eu-north-1:lambda:path/2015-03-31/functions/arn:aws:lambda:eu-north-1:639904928102:function:user_crud_operations:$LATEST/invocations",
            "replace_security_groups_on_destroy": null,
            "replacement_security_group_ids": null,
            "reserved_concurrent_executions": -1,
            "role": "arn:aws:iam::639904928102:role/user_operations_role",
            "runtime": "go1.x",
            "s3_bucket": "user-crud-operations-bucket",
            "s3_key": "user.zip",
            "s3_object_version": null,
            "signing_job_arn": "",
            "signing_profile_version_arn": "",
            "skip_destroy": false,
            "snap_start": [],
            "source_code_hash": "/lXsdyS6KNQtq4UfhXR1Eaifbp/F5sgPwSL3QO7X0+E=",
            "source_code_size": 14281089,
            "tags": {},
            "tags_all": {},
            "timeout": 1,
            "timeouts": null,
            "tracing_config": [
              {
                "mode": "PassThrough"
              }
            ],
            "version": "$LATEST",
            "vpc_config": []
          },
          "sensitive_attributes": [],
          "private": "eyJlMmJmYjczMC1lY2FhLTExZTYtOGY4OC0zNDM2M2JjN2M0YzAiOnsiY3JlYXRlIjo2MDAwMDAwMDAwMDAsImRlbGV0ZSI6NjAwMDAwMDAwMDAwLCJ1cGRhdGUiOjYwMDAwMDAwMDAwMH19",
          "dependencies": [
            "aws_dynamodb_table.user_contacts",
            "aws_iam_role.user_operations_role",
            "aws_iam_role_policy_attachment.user_operations_role_attachement1",
            "aws_iam_role_policy_attachment.user_operations_role_attachement2",
            "data.archive_file.user_zip",
            "null_resource.build_zip2"
          ]
        }
      ]
    },
    {
      "mode": "managed",
      "type": "aws_lambda_function",
      "name": "user_get_operations",
      "provider": "provider[\"registry.terraform.io/hashicorp/aws\"]",
      "instances": [
        {
          "schema_version": 0,
          "attributes": {
            "architectures": [
              "x86_64"
            ],
            "arn": "arn:aws:lambda:eu-north-1:639904928102:function:user_get_operations",
            "code_signing_config_arn": "",
            "dead_letter_config": [],
            "description": "",
            "environment": [
              {
                "variables": {
                  "TABLE_NAME": "user_contacts"
                }
              }
            ],
            "ephemeral_storage": [
              {
                "size": 512
              }
            ],
            "file_system_config": [],
            "filename": "./users/main.zip",
            "function_name": "user_get_operations",
            "handler": "main",
            "id": "user_get_operations",
            "image_config": [],
            "image_uri": "",
            "invoke_arn": "arn:aws:apigateway:eu-north-1:lambda:path/2015-03-31/functions/arn:aws:lambda:eu-north-1:639904928102:function:user_get_operations/invocations",
            "kms_key_arn": "",
            "last_modified": "2023-07-10T08:22:33.000+0000",
            "layers": [],
            "memory_size": 512,
            "package_type": "Zip",
            "publish": false,
            "qualified_arn": "arn:aws:lambda:eu-north-1:639904928102:function:user_get_operations:$LATEST",
            "qualified_invoke_arn": "arn:aws:apigateway:eu-north-1:lambda:path/2015-03-31/functions/arn:aws:lambda:eu-north-1:639904928102:function:user_get_operations:$LATEST/invocations",
            "replace_security_groups_on_destroy": null,
            "replacement_security_group_ids": null,
            "reserved_concurrent_executions": -1,
            "role": "arn:aws:iam::639904928102:role/user_operations_role",
            "runtime": "go1.x",
            "s3_bucket": null,
            "s3_key": null,
            "s3_object_version": null,
            "signing_job_arn": "",
            "signing_profile_version_arn": "",
            "skip_destroy": false,
            "snap_start": [],
            "source_code_hash": "pe8tUUGRHd/fBWtPrXnXC4kqo8BZdjUi72Td/j/rd7U=",
            "source_code_size": 7092034,
            "tags": {},
            "tags_all": {},
            "timeout": 1,
            "timeouts": null,
            "tracing_config": [
              {
                "mode": "PassThrough"
              }
            ],
            "version": "$LATEST",
            "vpc_config": []
          },
          "sensitive_attributes": [],
          "private": "eyJlMmJmYjczMC1lY2FhLTExZTYtOGY4OC0zNDM2M2JjN2M0YzAiOnsiY3JlYXRlIjo2MDAwMDAwMDAwMDAsImRlbGV0ZSI6NjAwMDAwMDAwMDAwLCJ1cGRhdGUiOjYwMDAwMDAwMDAwMH19",
          "dependencies": [
            "aws_dynamodb_table.user_contacts",
            "aws_iam_role.user_operations_role",
            "aws_iam_role_policy_attachment.user_operations_role_attachement1",
            "aws_iam_role_policy_attachment.user_operations_role_attachement2"
          ]
        }
      ]
    },
    {
      "mode": "managed",
      "type": "aws_lambda_permission",
      "name": "user_crud_permission",
      "provider": "provider[\"registry.terraform.io/hashicorp/aws\"]",
      "instances": [
        {
          "schema_version": 0,
          "attributes": {
            "action": "lambda:InvokeFunction",
            "event_source_token": null,
            "function_name": "user_crud_operations",
            "function_url_auth_type": null,
            "id": "AllowAPIGatewayInvoke",
            "principal": "apigateway.amazonaws.com",
            "principal_org_id": null,
            "qualifier": "",
            "source_account": null,
            "source_arn": "arn:aws:execute-api:eu-north-1:639904928102:6ezl1094ic/*/*",
            "statement_id": "AllowAPIGatewayInvoke",
            "statement_id_prefix": ""
          },
          "sensitive_attributes": [],
          "private": "bnVsbA==",
          "dependencies": [
            "aws_api_gateway_rest_api.user_info_api",
            "aws_dynamodb_table.user_contacts",
            "aws_iam_role.user_operations_role",
            "aws_iam_role_policy_attachment.user_operations_role_attachement1",
            "aws_iam_role_policy_attachment.user_operations_role_attachement2",
            "aws_lambda_function.user_crud_operations",
            "data.archive_file.user_zip",
            "null_resource.build_zip2"
          ]
        }
      ]
    },
    {
      "mode": "managed",
      "type": "aws_s3_bucket_object",
      "name": "user_zip",
      "provider": "provider[\"registry.terraform.io/hashicorp/aws\"]",
      "instances": [
        {
          "schema_version": 0,
          "attributes": {
            "acl": "private",
            "bucket": "user-crud-operations-bucket",
            "bucket_key_enabled": false,
            "cache_control": "",
            "content": null,
            "content_base64": null,
            "content_disposition": "",
            "content_encoding": "",
            "content_language": "",
            "content_type": "binary/octet-stream",
            "etag": "20a6236e0a5de7ca27c75aa8ce53a385-3",
            "force_destroy": false,
            "id": "user.zip",
            "key": "user.zip",
            "kms_key_id": null,
            "metadata": null,
            "object_lock_legal_hold_status": "",
            "object_lock_mode": "",
            "object_lock_retain_until_date": "",
            "server_side_encryption": "AES256",
            "source": "./user/user.zip",
            "source_hash": null,
            "storage_class": "STANDARD",
            "tags": null,
            "tags_all": {},
            "version_id": "",
            "website_redirect": ""
          },
          "sensitive_attributes": [],
          "private": "bnVsbA=="
        }
      ]
    },
    {
      "mode": "managed",
      "type": "aws_s3_bucket_object",
      "name": "users_zip",
      "provider": "provider[\"registry.terraform.io/hashicorp/aws\"]",
      "instances": [
        {
          "schema_version": 0,
          "attributes": {
            "acl": "private",
            "bucket": "user-get-operations-bucket",
            "bucket_key_enabled": false,
            "cache_control": "",
            "content": null,
            "content_base64": null,
            "content_disposition": "",
            "content_encoding": "",
            "content_language": "",
            "content_type": "binary/octet-stream",
            "etag": "dcc8ac89172b915e7728e1d72604c5fe-3",
            "force_destroy": false,
            "id": "users.zip",
            "key": "users.zip",
            "kms_key_id": null,
            "metadata": null,
            "object_lock_legal_hold_status": "",
            "object_lock_mode": "",
            "object_lock_retain_until_date": "",
            "server_side_encryption": "AES256",
            "source": "./users/users.zip",
            "source_hash": null,
            "storage_class": "STANDARD",
            "tags": null,
            "tags_all": {},
            "version_id": "",
            "website_redirect": ""
          },
          "sensitive_attributes": [],
          "private": "bnVsbA=="
        }
      ]
    },
    {
      "mode": "managed",
      "type": "null_resource",
      "name": "build_zip1",
      "provider": "provider[\"registry.terraform.io/hashicorp/null\"]",
      "instances": [
        {
          "schema_version": 0,
          "attributes": {
            "id": "629543200438101099",
            "triggers": null
          },
          "sensitive_attributes": []
        }
      ]
    },
    {
      "mode": "managed",
      "type": "null_resource",
      "name": "build_zip2",
      "provider": "provider[\"registry.terraform.io/hashicorp/null\"]",
      "instances": [
        {
          "schema_version": 0,
          "attributes": {
            "id": "3609489188060147192",
            "triggers": null
          },
          "sensitive_attributes": []
        }
      ]
    }
  ],
  "check_results": null
}
